PODS:
  - AFNetworking (3.2.1):
    - AFNetworking/NSURLSession (= 3.2.1)
    - AFNetworking/Reachability (= 3.2.1)
    - AFNetworking/Security (= 3.2.1)
    - AFNetworking/Serialization (= 3.2.1)
    - AFNetworking/UIKit (= 3.2.1)
  - AFNetworking/NSURLSession (3.2.1):
    - AFNetworking/Reachability
    - AFNetworking/Security
    - AFNetworking/Serialization
  - AFNetworking/Reachability (3.2.1)
  - AFNetworking/Security (3.2.1)
  - AFNetworking/Serialization (3.2.1)
  - AFNetworking/UIKit (3.2.1):
    - AFNetworking/NSURLSession
  - LGAlertHUD (1.0.9):
    - LGAlertHUD/AlertView (= 1.0.9)
    - Masonry
    - YJExtensions
  - LGAlertHUD/AlertView (1.0.9):
    - Masonry
    - YJExtensions
  - LGKnowledgeFramework (1.0.3):
    - LGAlertHUD
    - Masonry
    - MJExtension
    - YJBaseModule
    - YJExtensions
    - YJImageBrowser
    - YJNetManager
    - YJPresentAnimation
    - YJTaskMark
    - YJUtils
  - LGLog (1.0.2):
    - LGLog/LGLogManager (= 1.0.2)
    - LGLog/YJCocoaLumberjack (= 1.0.2)
  - LGLog/LGLogManager (1.0.2):
    - LGLog/YJCocoaLumberjack
  - LGLog/YJCocoaLumberjack (1.0.2)
  - Masonry (1.1.0)
  - MJExtension (3.1.2)
  - MJRefresh (3.2.0)
  - Reachability (3.2)
  - SDWebImage (5.1.1):
    - SDWebImage/Core (= 5.1.1)
  - SDWebImage/Core (5.1.1)
  - TFHpple (2.0.0)
  - YJActivityIndicatorView (1.0.0)
  - YJBaseModule (1.2.2):
    - YJBaseModule/Base (= 1.2.2)
    - YJBaseModule/Manager (= 1.2.2)
    - YJBaseModule/MarqueeLabel (= 1.2.2)
    - YJBaseModule/YJBHpple (= 1.2.2)
    - YJBaseModule/YJBWebView (= 1.2.2)
  - YJBaseModule/Base (1.2.2):
    - LGAlertHUD
    - Masonry
    - MJExtension
    - MJRefresh
    - YJActivityIndicatorView
    - YJBaseModule/Manager
    - YJExtensions
  - YJBaseModule/Manager (1.2.2):
    - YJExtensions
  - YJBaseModule/MarqueeLabel (1.2.2)
  - YJBaseModule/YJBHpple (1.2.2)
  - YJBaseModule/YJBWebView (1.2.2):
    - Masonry
    - YJBaseModule/Manager
    - YJBaseModule/MarqueeLabel
    - YJBaseModule/YJBHpple
    - YJExtensions
  - YJExtensions (1.1.6):
    - YJExtensions/Foundation (= 1.1.6)
    - YJExtensions/UIKit (= 1.1.6)
  - YJExtensions/Foundation (1.1.6):
    - TFHpple
  - YJExtensions/UIKit (1.1.6):
    - YJExtensions/Foundation
  - YJImageBrowser (1.0.0):
    - YJImageBrowser/Const (= 1.0.0)
    - YJImageBrowser/YJImageBrowserView (= 1.0.0)
  - YJImageBrowser/Const (1.0.0):
    - YJExtensions
  - YJImageBrowser/YJImageBrowserView (1.0.0):
    - Masonry
    - SDWebImage
    - YJImageBrowser/Const
  - YJNetManager (1.1.8):
    - AFNetworking
    - LGLog
    - Reachability
    - YJExtensions
  - YJPresentAnimation (1.0.2)
  - YJTaskMark (1.1.1):
    - YJTaskMark/kuyou (= 1.1.1)
    - YJTaskMark/Util (= 1.1.1)
  - YJTaskMark/kuyou (1.1.1)
  - YJTaskMark/Util (1.1.1):
    - LGAlertHUD
    - YJExtensions
    - YJNetManager
    - YJTaskMark/kuyou
  - YJUtils (1.0.3):
    - YJUtils/YJAudioMerger (= 1.0.3)
    - YJUtils/YJAudioPlayer (= 1.0.3)
  - YJUtils/YJAudioMerger (1.0.3)
  - YJUtils/YJAudioPlayer (1.0.3)

DEPENDENCIES:
  - LGKnowledgeFramework (from `../`)

SPEC REPOS:
  https://github.com/cocoapods/specs.git:
    - AFNetworking
    - LGAlertHUD
    - LGLog
    - Masonry
    - MJExtension
    - MJRefresh
    - Reachability
    - SDWebImage
    - TFHpple
    - YJActivityIndicatorView
    - YJBaseModule
    - YJExtensions
    - YJImageBrowser
    - YJNetManager
    - YJPresentAnimation
    - YJTaskMark
    - YJUtils

EXTERNAL SOURCES:
  LGKnowledgeFramework:
    :path: "../"

SPEC CHECKSUMS:
  AFNetworking: b6f891fdfaed196b46c7a83cf209e09697b94057
  LGAlertHUD: c267c0f45b2bf9d5bbdd7303c5d0da14b1f89e1e
  LGKnowledgeFramework: ac35b1ed242fa28a166d41156b4c8b56b2f947eb
  LGLog: a58e542c6c99755d1b8eca492b2acf70a3115731
  Masonry: 678fab65091a9290e40e2832a55e7ab731aad201
  MJExtension: 81e8e411ced318561dd09334b0c83d8227cef79c
  MJRefresh: ed450d6eb9d3346a2cb033ab7eb6de090aeef437
  Reachability: 33e18b67625424e47b6cde6d202dce689ad7af96
  SDWebImage: 96d7f03415ccb28d299d765f93557ff8a617abd8
  TFHpple: a916fe0799eb30aa29b2670d14d5868cdd3a5b81
  YJActivityIndicatorView: f51112fa59d69762bd6147cf0da573ff2a9a0215
  YJBaseModule: 7aba773656e51ba5a76e2ae031fab6da87833cf0
  YJExtensions: d4b5ac7e1004d05dc6425b9aff3b8437d93ef1ad
  YJImageBrowser: f80e7e8d8bce7829284c9569ec5c205a9bcf26b5
  YJNetManager: bdf2f175fa3dcf5ebfcdfacc0c607ab1abef1b5d
  YJPresentAnimation: 58af2bfff17028cb286ecd442d418af8997f8740
  YJTaskMark: 1062f7fabb6499715f7834a9d03ffec4100be108
  YJUtils: 2f3a519fc7d4f7586acdc446e5a448cd23bfda33

PODFILE CHECKSUM: ef244d04ca3bf8a5209b754c03e698e1a8ec2f6e

COCOAPODS: 1.7.0.beta.3
